
Microsoft Visual Studio Solution File, Format Version 12.00
# Visual Studio 14
VisualStudioVersion = 14.0.24720.0
MinimumVisualStudioVersion = 10.0.40219.1
Project("{FAE04EC0-301F-11D3-BF4B-00C04F79EFBC}") = "TridionDesktopTools.Core", "TridionDesktopTools.Core\TridionDesktopTools.Core.csproj", "{930535CB-D239-4E2F-8040-85D63CEE54FA}"
EndProject
Project("{FAE04EC0-301F-11D3-BF4B-00C04F79EFBC}") = "TridionDesktopTools.DocumentCreator", "TridionDesktopTools.DocumentCreator\TridionDesktopTools.DocumentCreator.csproj", "{F484DF61-A7BD-4D24-B60F-66791EAB85C3}"
EndProject
Project("{FAE04EC0-301F-11D3-BF4B-00C04F79EFBC}") = "TridionDesktopTools.AdvancedSearch", "TridionDesktopTools.AdvancedSearch\TridionDesktopTools.AdvancedSearch.csproj", "{782D63DA-9536-41C7-947F-B5F21797F6D3}"
EndProject
Project("{FAE04EC0-301F-11D3-BF4B-00C04F79EFBC}") = "TridionDesktopTools.Deleter", "TridionDesktopTools.Deleter\TridionDesktopTools.Deleter.csproj", "{56756935-6658-46EA-AD4D-E4CD8D45A8A9}"
EndProject
Project("{FAE04EC0-301F-11D3-BF4B-00C04F79EFBC}") = "TridionDesktopTools.ComponentTransformer", "TridionDesktopTools.ComponentTransformer\TridionDesktopTools.ComponentTransformer.csproj", "{59F22E14-C20D-4D3F-8020-35F49237EBAC}"
EndProject
Project("{FAE04EC0-301F-11D3-BF4B-00C04F79EFBC}") = "TridionDesktopTools.IntegrityAnalyzer", "TridionDesktopTools.IntegrityAnalyzer\TridionDesktopTools.IntegrityAnalyzer.csproj", "{BC3F7CB7-6809-484C-ADDE-A89BDDDB7841}"
EndProject
Project("{FAE04EC0-301F-11D3-BF4B-00C04F79EFBC}") = "TridionDesktopTools.ComponentTransformer.Custom", "TridionDesktopTools.ComponentTransformer.Custom\TridionDesktopTools.ComponentTransformer.Custom.csproj", "{EEBB3AC6-64BC-400D-BD43-C465E6EDEA09}"
EndProject
Project("{FAE04EC0-301F-11D3-BF4B-00C04F79EFBC}") = "TridionDesktopTools.ComponentImporter", "TridionDesktopTools.ComponentImporter\TridionDesktopTools.ComponentImporter.csproj", "{2208958D-C8C2-42C2-BA6F-C3329262B3F0}"
EndProject
Project("{FAE04EC0-301F-11D3-BF4B-00C04F79EFBC}") = "TridionDesktopTools.ComponentImporter.Custom", "TridionDesktopTools.ComponentImporter.Custom\TridionDesktopTools.ComponentImporter.Custom.csproj", "{1905244C-DED8-474F-977B-54E6F44F1350}"
EndProject
Project("{FAE04EC0-301F-11D3-BF4B-00C04F79EFBC}") = "OpenXmlPowerTools", "OpenXmlPowerTools\OpenXmlPowerTools.csproj", "{E2BC6911-E21F-44FC-916C-19B90B8B0A18}"
EndProject
Project("{54435603-DBB4-11D2-8724-00A0C9A8B90C}") = "TridionDesktopTools.Installer", "TridionDesktopTools.Installer\TridionDesktopTools.Installer.vdproj", "{5B889002-85B7-4D95-BF28-C0A0B78186A8}"
EndProject
Global
	GlobalSection(SolutionConfigurationPlatforms) = preSolution
		CD_ROM|Any CPU = CD_ROM|Any CPU
		CD_ROM|Mixed Platforms = CD_ROM|Mixed Platforms
		CD_ROM|x86 = CD_ROM|x86
		Debug|Any CPU = Debug|Any CPU
		Debug|Mixed Platforms = Debug|Mixed Platforms
		Debug|x86 = Debug|x86
		DVD-5|Any CPU = DVD-5|Any CPU
		DVD-5|Mixed Platforms = DVD-5|Mixed Platforms
		DVD-5|x86 = DVD-5|x86
		Release|Any CPU = Release|Any CPU
		Release|Mixed Platforms = Release|Mixed Platforms
		Release|x86 = Release|x86
		SingleImage|Any CPU = SingleImage|Any CPU
		SingleImage|Mixed Platforms = SingleImage|Mixed Platforms
		SingleImage|x86 = SingleImage|x86
	EndGlobalSection
	GlobalSection(ProjectConfigurationPlatforms) = postSolution
		{930535CB-D239-4E2F-8040-85D63CEE54FA}.CD_ROM|Any CPU.ActiveCfg = Release|Any CPU
		{930535CB-D239-4E2F-8040-85D63CEE54FA}.CD_ROM|Any CPU.Build.0 = Release|Any CPU
		{930535CB-D239-4E2F-8040-85D63CEE54FA}.CD_ROM|Mixed Platforms.ActiveCfg = Release|Any CPU
		{930535CB-D239-4E2F-8040-85D63CEE54FA}.CD_ROM|Mixed Platforms.Build.0 = Release|Any CPU
		{930535CB-D239-4E2F-8040-85D63CEE54FA}.CD_ROM|x86.ActiveCfg = Release|Any CPU
		{930535CB-D239-4E2F-8040-85D63CEE54FA}.CD_ROM|x86.Build.0 = Release|Any CPU
		{930535CB-D239-4E2F-8040-85D63CEE54FA}.Debug|Any CPU.ActiveCfg = Debug|Any CPU
		{930535CB-D239-4E2F-8040-85D63CEE54FA}.Debug|Any CPU.Build.0 = Debug|Any CPU
		{930535CB-D239-4E2F-8040-85D63CEE54FA}.Debug|Mixed Platforms.ActiveCfg = Debug|Any CPU
		{930535CB-D239-4E2F-8040-85D63CEE54FA}.Debug|Mixed Platforms.Build.0 = Debug|Any CPU
		{930535CB-D239-4E2F-8040-85D63CEE54FA}.Debug|x86.ActiveCfg = Debug|Any CPU
		{930535CB-D239-4E2F-8040-85D63CEE54FA}.DVD-5|Any CPU.ActiveCfg = Debug|Any CPU
		{930535CB-D239-4E2F-8040-85D63CEE54FA}.DVD-5|Any CPU.Build.0 = Debug|Any CPU
		{930535CB-D239-4E2F-8040-85D63CEE54FA}.DVD-5|Mixed Platforms.ActiveCfg = Debug|Any CPU
		{930535CB-D239-4E2F-8040-85D63CEE54FA}.DVD-5|Mixed Platforms.Build.0 = Debug|Any CPU
		{930535CB-D239-4E2F-8040-85D63CEE54FA}.DVD-5|x86.ActiveCfg = Debug|Any CPU
		{930535CB-D239-4E2F-8040-85D63CEE54FA}.DVD-5|x86.Build.0 = Debug|Any CPU
		{930535CB-D239-4E2F-8040-85D63CEE54FA}.Release|Any CPU.ActiveCfg = Release|Any CPU
		{930535CB-D239-4E2F-8040-85D63CEE54FA}.Release|Any CPU.Build.0 = Release|Any CPU
		{930535CB-D239-4E2F-8040-85D63CEE54FA}.Release|Mixed Platforms.ActiveCfg = Release|Any CPU
		{930535CB-D239-4E2F-8040-85D63CEE54FA}.Release|Mixed Platforms.Build.0 = Release|Any CPU
		{930535CB-D239-4E2F-8040-85D63CEE54FA}.Release|x86.ActiveCfg = Release|Any CPU
		{930535CB-D239-4E2F-8040-85D63CEE54FA}.SingleImage|Any CPU.ActiveCfg = Release|Any CPU
		{930535CB-D239-4E2F-8040-85D63CEE54FA}.SingleImage|Any CPU.Build.0 = Release|Any CPU
		{930535CB-D239-4E2F-8040-85D63CEE54FA}.SingleImage|Mixed Platforms.ActiveCfg = Release|Any CPU
		{930535CB-D239-4E2F-8040-85D63CEE54FA}.SingleImage|Mixed Platforms.Build.0 = Release|Any CPU
		{930535CB-D239-4E2F-8040-85D63CEE54FA}.SingleImage|x86.ActiveCfg = Release|Any CPU
		{930535CB-D239-4E2F-8040-85D63CEE54FA}.SingleImage|x86.Build.0 = Release|Any CPU
		{F484DF61-A7BD-4D24-B60F-66791EAB85C3}.CD_ROM|Any CPU.ActiveCfg = Release|x86
		{F484DF61-A7BD-4D24-B60F-66791EAB85C3}.CD_ROM|Any CPU.Build.0 = Release|x86
		{F484DF61-A7BD-4D24-B60F-66791EAB85C3}.CD_ROM|Mixed Platforms.ActiveCfg = Release|x86
		{F484DF61-A7BD-4D24-B60F-66791EAB85C3}.CD_ROM|Mixed Platforms.Build.0 = Release|x86
		{F484DF61-A7BD-4D24-B60F-66791EAB85C3}.CD_ROM|x86.ActiveCfg = Release|x86
		{F484DF61-A7BD-4D24-B60F-66791EAB85C3}.CD_ROM|x86.Build.0 = Release|x86
		{F484DF61-A7BD-4D24-B60F-66791EAB85C3}.Debug|Any CPU.ActiveCfg = Debug|x86
		{F484DF61-A7BD-4D24-B60F-66791EAB85C3}.Debug|Mixed Platforms.ActiveCfg = Debug|x86
		{F484DF61-A7BD-4D24-B60F-66791EAB85C3}.Debug|Mixed Platforms.Build.0 = Debug|x86
		{F484DF61-A7BD-4D24-B60F-66791EAB85C3}.Debug|x86.ActiveCfg = Debug|x86
		{F484DF61-A7BD-4D24-B60F-66791EAB85C3}.Debug|x86.Build.0 = Debug|x86
		{F484DF61-A7BD-4D24-B60F-66791EAB85C3}.DVD-5|Any CPU.ActiveCfg = Release|x86
		{F484DF61-A7BD-4D24-B60F-66791EAB85C3}.DVD-5|Any CPU.Build.0 = Release|x86
		{F484DF61-A7BD-4D24-B60F-66791EAB85C3}.DVD-5|Mixed Platforms.ActiveCfg = Debug|x86
		{F484DF61-A7BD-4D24-B60F-66791EAB85C3}.DVD-5|Mixed Platforms.Build.0 = Debug|x86
		{F484DF61-A7BD-4D24-B60F-66791EAB85C3}.DVD-5|x86.ActiveCfg = Debug|x86
		{F484DF61-A7BD-4D24-B60F-66791EAB85C3}.DVD-5|x86.Build.0 = Debug|x86
		{F484DF61-A7BD-4D24-B60F-66791EAB85C3}.Release|Any CPU.ActiveCfg = Release|x86
		{F484DF61-A7BD-4D24-B60F-66791EAB85C3}.Release|Mixed Platforms.ActiveCfg = Release|x86
		{F484DF61-A7BD-4D24-B60F-66791EAB85C3}.Release|Mixed Platforms.Build.0 = Release|x86
		{F484DF61-A7BD-4D24-B60F-66791EAB85C3}.Release|x86.ActiveCfg = Release|x86
		{F484DF61-A7BD-4D24-B60F-66791EAB85C3}.Release|x86.Build.0 = Release|x86
		{F484DF61-A7BD-4D24-B60F-66791EAB85C3}.SingleImage|Any CPU.ActiveCfg = Release|x86
		{F484DF61-A7BD-4D24-B60F-66791EAB85C3}.SingleImage|Any CPU.Build.0 = Release|x86
		{F484DF61-A7BD-4D24-B60F-66791EAB85C3}.SingleImage|Mixed Platforms.ActiveCfg = Release|x86
		{F484DF61-A7BD-4D24-B60F-66791EAB85C3}.SingleImage|Mixed Platforms.Build.0 = Release|x86
		{F484DF61-A7BD-4D24-B60F-66791EAB85C3}.SingleImage|x86.ActiveCfg = Release|x86
		{F484DF61-A7BD-4D24-B60F-66791EAB85C3}.SingleImage|x86.Build.0 = Release|x86
		{782D63DA-9536-41C7-947F-B5F21797F6D3}.CD_ROM|Any CPU.ActiveCfg = Release|x86
		{782D63DA-9536-41C7-947F-B5F21797F6D3}.CD_ROM|Any CPU.Build.0 = Release|x86
		{782D63DA-9536-41C7-947F-B5F21797F6D3}.CD_ROM|Mixed Platforms.ActiveCfg = Release|x86
		{782D63DA-9536-41C7-947F-B5F21797F6D3}.CD_ROM|Mixed Platforms.Build.0 = Release|x86
		{782D63DA-9536-41C7-947F-B5F21797F6D3}.CD_ROM|x86.ActiveCfg = Release|x86
		{782D63DA-9536-41C7-947F-B5F21797F6D3}.CD_ROM|x86.Build.0 = Release|x86
		{782D63DA-9536-41C7-947F-B5F21797F6D3}.Debug|Any CPU.ActiveCfg = Debug|x86
		{782D63DA-9536-41C7-947F-B5F21797F6D3}.Debug|Mixed Platforms.ActiveCfg = Debug|x86
		{782D63DA-9536-41C7-947F-B5F21797F6D3}.Debug|Mixed Platforms.Build.0 = Debug|x86
		{782D63DA-9536-41C7-947F-B5F21797F6D3}.Debug|x86.ActiveCfg = Debug|x86
		{782D63DA-9536-41C7-947F-B5F21797F6D3}.Debug|x86.Build.0 = Debug|x86
		{782D63DA-9536-41C7-947F-B5F21797F6D3}.DVD-5|Any CPU.ActiveCfg = Release|x86
		{782D63DA-9536-41C7-947F-B5F21797F6D3}.DVD-5|Any CPU.Build.0 = Release|x86
		{782D63DA-9536-41C7-947F-B5F21797F6D3}.DVD-5|Mixed Platforms.ActiveCfg = Debug|x86
		{782D63DA-9536-41C7-947F-B5F21797F6D3}.DVD-5|Mixed Platforms.Build.0 = Debug|x86
		{782D63DA-9536-41C7-947F-B5F21797F6D3}.DVD-5|x86.ActiveCfg = Debug|x86
		{782D63DA-9536-41C7-947F-B5F21797F6D3}.DVD-5|x86.Build.0 = Debug|x86
		{782D63DA-9536-41C7-947F-B5F21797F6D3}.Release|Any CPU.ActiveCfg = Release|x86
		{782D63DA-9536-41C7-947F-B5F21797F6D3}.Release|Mixed Platforms.ActiveCfg = Release|x86
		{782D63DA-9536-41C7-947F-B5F21797F6D3}.Release|Mixed Platforms.Build.0 = Release|x86
		{782D63DA-9536-41C7-947F-B5F21797F6D3}.Release|x86.ActiveCfg = Release|x86
		{782D63DA-9536-41C7-947F-B5F21797F6D3}.Release|x86.Build.0 = Release|x86
		{782D63DA-9536-41C7-947F-B5F21797F6D3}.SingleImage|Any CPU.ActiveCfg = Release|x86
		{782D63DA-9536-41C7-947F-B5F21797F6D3}.SingleImage|Any CPU.Build.0 = Release|x86
		{782D63DA-9536-41C7-947F-B5F21797F6D3}.SingleImage|Mixed Platforms.ActiveCfg = Release|x86
		{782D63DA-9536-41C7-947F-B5F21797F6D3}.SingleImage|Mixed Platforms.Build.0 = Release|x86
		{782D63DA-9536-41C7-947F-B5F21797F6D3}.SingleImage|x86.ActiveCfg = Release|x86
		{782D63DA-9536-41C7-947F-B5F21797F6D3}.SingleImage|x86.Build.0 = Release|x86
		{56756935-6658-46EA-AD4D-E4CD8D45A8A9}.CD_ROM|Any CPU.ActiveCfg = Release|x86
		{56756935-6658-46EA-AD4D-E4CD8D45A8A9}.CD_ROM|Any CPU.Build.0 = Release|x86
		{56756935-6658-46EA-AD4D-E4CD8D45A8A9}.CD_ROM|Mixed Platforms.ActiveCfg = Release|x86
		{56756935-6658-46EA-AD4D-E4CD8D45A8A9}.CD_ROM|Mixed Platforms.Build.0 = Release|x86
		{56756935-6658-46EA-AD4D-E4CD8D45A8A9}.CD_ROM|x86.ActiveCfg = Release|x86
		{56756935-6658-46EA-AD4D-E4CD8D45A8A9}.CD_ROM|x86.Build.0 = Release|x86
		{56756935-6658-46EA-AD4D-E4CD8D45A8A9}.Debug|Any CPU.ActiveCfg = Debug|x86
		{56756935-6658-46EA-AD4D-E4CD8D45A8A9}.Debug|Mixed Platforms.ActiveCfg = Debug|x86
		{56756935-6658-46EA-AD4D-E4CD8D45A8A9}.Debug|Mixed Platforms.Build.0 = Debug|x86
		{56756935-6658-46EA-AD4D-E4CD8D45A8A9}.Debug|x86.ActiveCfg = Debug|x86
		{56756935-6658-46EA-AD4D-E4CD8D45A8A9}.Debug|x86.Build.0 = Debug|x86
		{56756935-6658-46EA-AD4D-E4CD8D45A8A9}.DVD-5|Any CPU.ActiveCfg = Release|x86
		{56756935-6658-46EA-AD4D-E4CD8D45A8A9}.DVD-5|Any CPU.Build.0 = Release|x86
		{56756935-6658-46EA-AD4D-E4CD8D45A8A9}.DVD-5|Mixed Platforms.ActiveCfg = Debug|x86
		{56756935-6658-46EA-AD4D-E4CD8D45A8A9}.DVD-5|Mixed Platforms.Build.0 = Debug|x86
		{56756935-6658-46EA-AD4D-E4CD8D45A8A9}.DVD-5|x86.ActiveCfg = Debug|x86
		{56756935-6658-46EA-AD4D-E4CD8D45A8A9}.DVD-5|x86.Build.0 = Debug|x86
		{56756935-6658-46EA-AD4D-E4CD8D45A8A9}.Release|Any CPU.ActiveCfg = Release|x86
		{56756935-6658-46EA-AD4D-E4CD8D45A8A9}.Release|Mixed Platforms.ActiveCfg = Release|x86
		{56756935-6658-46EA-AD4D-E4CD8D45A8A9}.Release|Mixed Platforms.Build.0 = Release|x86
		{56756935-6658-46EA-AD4D-E4CD8D45A8A9}.Release|x86.ActiveCfg = Release|x86
		{56756935-6658-46EA-AD4D-E4CD8D45A8A9}.Release|x86.Build.0 = Release|x86
		{56756935-6658-46EA-AD4D-E4CD8D45A8A9}.SingleImage|Any CPU.ActiveCfg = Release|x86
		{56756935-6658-46EA-AD4D-E4CD8D45A8A9}.SingleImage|Any CPU.Build.0 = Release|x86
		{56756935-6658-46EA-AD4D-E4CD8D45A8A9}.SingleImage|Mixed Platforms.ActiveCfg = Release|x86
		{56756935-6658-46EA-AD4D-E4CD8D45A8A9}.SingleImage|Mixed Platforms.Build.0 = Release|x86
		{56756935-6658-46EA-AD4D-E4CD8D45A8A9}.SingleImage|x86.ActiveCfg = Release|x86
		{56756935-6658-46EA-AD4D-E4CD8D45A8A9}.SingleImage|x86.Build.0 = Release|x86
		{59F22E14-C20D-4D3F-8020-35F49237EBAC}.CD_ROM|Any CPU.ActiveCfg = Release|x86
		{59F22E14-C20D-4D3F-8020-35F49237EBAC}.CD_ROM|Any CPU.Build.0 = Release|x86
		{59F22E14-C20D-4D3F-8020-35F49237EBAC}.CD_ROM|Mixed Platforms.ActiveCfg = Release|x86
		{59F22E14-C20D-4D3F-8020-35F49237EBAC}.CD_ROM|Mixed Platforms.Build.0 = Release|x86
		{59F22E14-C20D-4D3F-8020-35F49237EBAC}.CD_ROM|x86.ActiveCfg = Release|x86
		{59F22E14-C20D-4D3F-8020-35F49237EBAC}.CD_ROM|x86.Build.0 = Release|x86
		{59F22E14-C20D-4D3F-8020-35F49237EBAC}.Debug|Any CPU.ActiveCfg = Debug|x86
		{59F22E14-C20D-4D3F-8020-35F49237EBAC}.Debug|Mixed Platforms.ActiveCfg = Debug|x86
		{59F22E14-C20D-4D3F-8020-35F49237EBAC}.Debug|Mixed Platforms.Build.0 = Debug|x86
		{59F22E14-C20D-4D3F-8020-35F49237EBAC}.Debug|x86.ActiveCfg = Debug|x86
		{59F22E14-C20D-4D3F-8020-35F49237EBAC}.Debug|x86.Build.0 = Debug|x86
		{59F22E14-C20D-4D3F-8020-35F49237EBAC}.DVD-5|Any CPU.ActiveCfg = Release|x86
		{59F22E14-C20D-4D3F-8020-35F49237EBAC}.DVD-5|Any CPU.Build.0 = Release|x86
		{59F22E14-C20D-4D3F-8020-35F49237EBAC}.DVD-5|Mixed Platforms.ActiveCfg = Debug|x86
		{59F22E14-C20D-4D3F-8020-35F49237EBAC}.DVD-5|Mixed Platforms.Build.0 = Debug|x86
		{59F22E14-C20D-4D3F-8020-35F49237EBAC}.DVD-5|x86.ActiveCfg = Debug|x86
		{59F22E14-C20D-4D3F-8020-35F49237EBAC}.DVD-5|x86.Build.0 = Debug|x86
		{59F22E14-C20D-4D3F-8020-35F49237EBAC}.Release|Any CPU.ActiveCfg = Release|x86
		{59F22E14-C20D-4D3F-8020-35F49237EBAC}.Release|Mixed Platforms.ActiveCfg = Release|x86
		{59F22E14-C20D-4D3F-8020-35F49237EBAC}.Release|Mixed Platforms.Build.0 = Release|x86
		{59F22E14-C20D-4D3F-8020-35F49237EBAC}.Release|x86.ActiveCfg = Release|x86
		{59F22E14-C20D-4D3F-8020-35F49237EBAC}.Release|x86.Build.0 = Release|x86
		{59F22E14-C20D-4D3F-8020-35F49237EBAC}.SingleImage|Any CPU.ActiveCfg = Release|x86
		{59F22E14-C20D-4D3F-8020-35F49237EBAC}.SingleImage|Any CPU.Build.0 = Release|x86
		{59F22E14-C20D-4D3F-8020-35F49237EBAC}.SingleImage|Mixed Platforms.ActiveCfg = Release|x86
		{59F22E14-C20D-4D3F-8020-35F49237EBAC}.SingleImage|Mixed Platforms.Build.0 = Release|x86
		{59F22E14-C20D-4D3F-8020-35F49237EBAC}.SingleImage|x86.ActiveCfg = Release|x86
		{59F22E14-C20D-4D3F-8020-35F49237EBAC}.SingleImage|x86.Build.0 = Release|x86
		{BC3F7CB7-6809-484C-ADDE-A89BDDDB7841}.CD_ROM|Any CPU.ActiveCfg = Release|x86
		{BC3F7CB7-6809-484C-ADDE-A89BDDDB7841}.CD_ROM|Any CPU.Build.0 = Release|x86
		{BC3F7CB7-6809-484C-ADDE-A89BDDDB7841}.CD_ROM|Mixed Platforms.ActiveCfg = Release|x86
		{BC3F7CB7-6809-484C-ADDE-A89BDDDB7841}.CD_ROM|Mixed Platforms.Build.0 = Release|x86
		{BC3F7CB7-6809-484C-ADDE-A89BDDDB7841}.CD_ROM|x86.ActiveCfg = Release|x86
		{BC3F7CB7-6809-484C-ADDE-A89BDDDB7841}.CD_ROM|x86.Build.0 = Release|x86
		{BC3F7CB7-6809-484C-ADDE-A89BDDDB7841}.Debug|Any CPU.ActiveCfg = Debug|x86
		{BC3F7CB7-6809-484C-ADDE-A89BDDDB7841}.Debug|Mixed Platforms.ActiveCfg = Debug|x86
		{BC3F7CB7-6809-484C-ADDE-A89BDDDB7841}.Debug|Mixed Platforms.Build.0 = Debug|x86
		{BC3F7CB7-6809-484C-ADDE-A89BDDDB7841}.Debug|x86.ActiveCfg = Debug|x86
		{BC3F7CB7-6809-484C-ADDE-A89BDDDB7841}.Debug|x86.Build.0 = Debug|x86
		{BC3F7CB7-6809-484C-ADDE-A89BDDDB7841}.DVD-5|Any CPU.ActiveCfg = Release|x86
		{BC3F7CB7-6809-484C-ADDE-A89BDDDB7841}.DVD-5|Any CPU.Build.0 = Release|x86
		{BC3F7CB7-6809-484C-ADDE-A89BDDDB7841}.DVD-5|Mixed Platforms.ActiveCfg = Debug|x86
		{BC3F7CB7-6809-484C-ADDE-A89BDDDB7841}.DVD-5|Mixed Platforms.Build.0 = Debug|x86
		{BC3F7CB7-6809-484C-ADDE-A89BDDDB7841}.DVD-5|x86.ActiveCfg = Debug|x86
		{BC3F7CB7-6809-484C-ADDE-A89BDDDB7841}.DVD-5|x86.Build.0 = Debug|x86
		{BC3F7CB7-6809-484C-ADDE-A89BDDDB7841}.Release|Any CPU.ActiveCfg = Release|x86
		{BC3F7CB7-6809-484C-ADDE-A89BDDDB7841}.Release|Mixed Platforms.ActiveCfg = Release|x86
		{BC3F7CB7-6809-484C-ADDE-A89BDDDB7841}.Release|Mixed Platforms.Build.0 = Release|x86
		{BC3F7CB7-6809-484C-ADDE-A89BDDDB7841}.Release|x86.ActiveCfg = Release|x86
		{BC3F7CB7-6809-484C-ADDE-A89BDDDB7841}.Release|x86.Build.0 = Release|x86
		{BC3F7CB7-6809-484C-ADDE-A89BDDDB7841}.SingleImage|Any CPU.ActiveCfg = Release|x86
		{BC3F7CB7-6809-484C-ADDE-A89BDDDB7841}.SingleImage|Any CPU.Build.0 = Release|x86
		{BC3F7CB7-6809-484C-ADDE-A89BDDDB7841}.SingleImage|Mixed Platforms.ActiveCfg = Release|x86
		{BC3F7CB7-6809-484C-ADDE-A89BDDDB7841}.SingleImage|Mixed Platforms.Build.0 = Release|x86
		{BC3F7CB7-6809-484C-ADDE-A89BDDDB7841}.SingleImage|x86.ActiveCfg = Release|x86
		{BC3F7CB7-6809-484C-ADDE-A89BDDDB7841}.SingleImage|x86.Build.0 = Release|x86
		{EEBB3AC6-64BC-400D-BD43-C465E6EDEA09}.CD_ROM|Any CPU.ActiveCfg = Release|Any CPU
		{EEBB3AC6-64BC-400D-BD43-C465E6EDEA09}.CD_ROM|Any CPU.Build.0 = Release|Any CPU
		{EEBB3AC6-64BC-400D-BD43-C465E6EDEA09}.CD_ROM|Mixed Platforms.ActiveCfg = Release|Any CPU
		{EEBB3AC6-64BC-400D-BD43-C465E6EDEA09}.CD_ROM|Mixed Platforms.Build.0 = Release|Any CPU
		{EEBB3AC6-64BC-400D-BD43-C465E6EDEA09}.CD_ROM|x86.ActiveCfg = Release|Any CPU
		{EEBB3AC6-64BC-400D-BD43-C465E6EDEA09}.CD_ROM|x86.Build.0 = Release|Any CPU
		{EEBB3AC6-64BC-400D-BD43-C465E6EDEA09}.Debug|Any CPU.ActiveCfg = Debug|Any CPU
		{EEBB3AC6-64BC-400D-BD43-C465E6EDEA09}.Debug|Any CPU.Build.0 = Debug|Any CPU
		{EEBB3AC6-64BC-400D-BD43-C465E6EDEA09}.Debug|Mixed Platforms.ActiveCfg = Debug|Any CPU
		{EEBB3AC6-64BC-400D-BD43-C465E6EDEA09}.Debug|Mixed Platforms.Build.0 = Debug|Any CPU
		{EEBB3AC6-64BC-400D-BD43-C465E6EDEA09}.Debug|x86.ActiveCfg = Debug|Any CPU
		{EEBB3AC6-64BC-400D-BD43-C465E6EDEA09}.DVD-5|Any CPU.ActiveCfg = Debug|Any CPU
		{EEBB3AC6-64BC-400D-BD43-C465E6EDEA09}.DVD-5|Any CPU.Build.0 = Debug|Any CPU
		{EEBB3AC6-64BC-400D-BD43-C465E6EDEA09}.DVD-5|Mixed Platforms.ActiveCfg = Debug|Any CPU
		{EEBB3AC6-64BC-400D-BD43-C465E6EDEA09}.DVD-5|Mixed Platforms.Build.0 = Debug|Any CPU
		{EEBB3AC6-64BC-400D-BD43-C465E6EDEA09}.DVD-5|x86.ActiveCfg = Debug|Any CPU
		{EEBB3AC6-64BC-400D-BD43-C465E6EDEA09}.DVD-5|x86.Build.0 = Debug|Any CPU
		{EEBB3AC6-64BC-400D-BD43-C465E6EDEA09}.Release|Any CPU.ActiveCfg = Release|Any CPU
		{EEBB3AC6-64BC-400D-BD43-C465E6EDEA09}.Release|Any CPU.Build.0 = Release|Any CPU
		{EEBB3AC6-64BC-400D-BD43-C465E6EDEA09}.Release|Mixed Platforms.ActiveCfg = Release|Any CPU
		{EEBB3AC6-64BC-400D-BD43-C465E6EDEA09}.Release|Mixed Platforms.Build.0 = Release|Any CPU
		{EEBB3AC6-64BC-400D-BD43-C465E6EDEA09}.Release|x86.ActiveCfg = Release|Any CPU
		{EEBB3AC6-64BC-400D-BD43-C465E6EDEA09}.SingleImage|Any CPU.ActiveCfg = Release|Any CPU
		{EEBB3AC6-64BC-400D-BD43-C465E6EDEA09}.SingleImage|Any CPU.Build.0 = Release|Any CPU
		{EEBB3AC6-64BC-400D-BD43-C465E6EDEA09}.SingleImage|Mixed Platforms.ActiveCfg = Release|Any CPU
		{EEBB3AC6-64BC-400D-BD43-C465E6EDEA09}.SingleImage|Mixed Platforms.Build.0 = Release|Any CPU
		{EEBB3AC6-64BC-400D-BD43-C465E6EDEA09}.SingleImage|x86.ActiveCfg = Release|Any CPU
		{EEBB3AC6-64BC-400D-BD43-C465E6EDEA09}.SingleImage|x86.Build.0 = Release|Any CPU
		{2208958D-C8C2-42C2-BA6F-C3329262B3F0}.CD_ROM|Any CPU.ActiveCfg = Release|x86
		{2208958D-C8C2-42C2-BA6F-C3329262B3F0}.CD_ROM|Any CPU.Build.0 = Release|x86
		{2208958D-C8C2-42C2-BA6F-C3329262B3F0}.CD_ROM|Mixed Platforms.ActiveCfg = Release|x86
		{2208958D-C8C2-42C2-BA6F-C3329262B3F0}.CD_ROM|Mixed Platforms.Build.0 = Release|x86
		{2208958D-C8C2-42C2-BA6F-C3329262B3F0}.CD_ROM|x86.ActiveCfg = Release|x86
		{2208958D-C8C2-42C2-BA6F-C3329262B3F0}.CD_ROM|x86.Build.0 = Release|x86
		{2208958D-C8C2-42C2-BA6F-C3329262B3F0}.Debug|Any CPU.ActiveCfg = Debug|x86
		{2208958D-C8C2-42C2-BA6F-C3329262B3F0}.Debug|Mixed Platforms.ActiveCfg = Debug|x86
		{2208958D-C8C2-42C2-BA6F-C3329262B3F0}.Debug|Mixed Platforms.Build.0 = Debug|x86
		{2208958D-C8C2-42C2-BA6F-C3329262B3F0}.Debug|x86.ActiveCfg = Debug|x86
		{2208958D-C8C2-42C2-BA6F-C3329262B3F0}.Debug|x86.Build.0 = Debug|x86
		{2208958D-C8C2-42C2-BA6F-C3329262B3F0}.DVD-5|Any CPU.ActiveCfg = Release|x86
		{2208958D-C8C2-42C2-BA6F-C3329262B3F0}.DVD-5|Any CPU.Build.0 = Release|x86
		{2208958D-C8C2-42C2-BA6F-C3329262B3F0}.DVD-5|Mixed Platforms.ActiveCfg = Debug|x86
		{2208958D-C8C2-42C2-BA6F-C3329262B3F0}.DVD-5|Mixed Platforms.Build.0 = Debug|x86
		{2208958D-C8C2-42C2-BA6F-C3329262B3F0}.DVD-5|x86.ActiveCfg = Debug|x86
		{2208958D-C8C2-42C2-BA6F-C3329262B3F0}.DVD-5|x86.Build.0 = Debug|x86
		{2208958D-C8C2-42C2-BA6F-C3329262B3F0}.Release|Any CPU.ActiveCfg = Release|x86
		{2208958D-C8C2-42C2-BA6F-C3329262B3F0}.Release|Mixed Platforms.ActiveCfg = Release|x86
		{2208958D-C8C2-42C2-BA6F-C3329262B3F0}.Release|Mixed Platforms.Build.0 = Release|x86
		{2208958D-C8C2-42C2-BA6F-C3329262B3F0}.Release|x86.ActiveCfg = Release|x86
		{2208958D-C8C2-42C2-BA6F-C3329262B3F0}.Release|x86.Build.0 = Release|x86
		{2208958D-C8C2-42C2-BA6F-C3329262B3F0}.SingleImage|Any CPU.ActiveCfg = Release|x86
		{2208958D-C8C2-42C2-BA6F-C3329262B3F0}.SingleImage|Any CPU.Build.0 = Release|x86
		{2208958D-C8C2-42C2-BA6F-C3329262B3F0}.SingleImage|Mixed Platforms.ActiveCfg = Release|x86
		{2208958D-C8C2-42C2-BA6F-C3329262B3F0}.SingleImage|Mixed Platforms.Build.0 = Release|x86
		{2208958D-C8C2-42C2-BA6F-C3329262B3F0}.SingleImage|x86.ActiveCfg = Release|x86
		{2208958D-C8C2-42C2-BA6F-C3329262B3F0}.SingleImage|x86.Build.0 = Release|x86
		{1905244C-DED8-474F-977B-54E6F44F1350}.CD_ROM|Any CPU.ActiveCfg = Release|Any CPU
		{1905244C-DED8-474F-977B-54E6F44F1350}.CD_ROM|Any CPU.Build.0 = Release|Any CPU
		{1905244C-DED8-474F-977B-54E6F44F1350}.CD_ROM|Mixed Platforms.ActiveCfg = Release|Any CPU
		{1905244C-DED8-474F-977B-54E6F44F1350}.CD_ROM|Mixed Platforms.Build.0 = Release|Any CPU
		{1905244C-DED8-474F-977B-54E6F44F1350}.CD_ROM|x86.ActiveCfg = Release|Any CPU
		{1905244C-DED8-474F-977B-54E6F44F1350}.CD_ROM|x86.Build.0 = Release|Any CPU
		{1905244C-DED8-474F-977B-54E6F44F1350}.Debug|Any CPU.ActiveCfg = Debug|Any CPU
		{1905244C-DED8-474F-977B-54E6F44F1350}.Debug|Any CPU.Build.0 = Debug|Any CPU
		{1905244C-DED8-474F-977B-54E6F44F1350}.Debug|Mixed Platforms.ActiveCfg = Debug|Any CPU
		{1905244C-DED8-474F-977B-54E6F44F1350}.Debug|Mixed Platforms.Build.0 = Debug|Any CPU
		{1905244C-DED8-474F-977B-54E6F44F1350}.Debug|x86.ActiveCfg = Debug|Any CPU
		{1905244C-DED8-474F-977B-54E6F44F1350}.DVD-5|Any CPU.ActiveCfg = Debug|Any CPU
		{1905244C-DED8-474F-977B-54E6F44F1350}.DVD-5|Any CPU.Build.0 = Debug|Any CPU
		{1905244C-DED8-474F-977B-54E6F44F1350}.DVD-5|Mixed Platforms.ActiveCfg = Debug|Any CPU
		{1905244C-DED8-474F-977B-54E6F44F1350}.DVD-5|Mixed Platforms.Build.0 = Debug|Any CPU
		{1905244C-DED8-474F-977B-54E6F44F1350}.DVD-5|x86.ActiveCfg = Debug|Any CPU
		{1905244C-DED8-474F-977B-54E6F44F1350}.DVD-5|x86.Build.0 = Debug|Any CPU
		{1905244C-DED8-474F-977B-54E6F44F1350}.Release|Any CPU.ActiveCfg = Release|Any CPU
		{1905244C-DED8-474F-977B-54E6F44F1350}.Release|Any CPU.Build.0 = Release|Any CPU
		{1905244C-DED8-474F-977B-54E6F44F1350}.Release|Mixed Platforms.ActiveCfg = Release|Any CPU
		{1905244C-DED8-474F-977B-54E6F44F1350}.Release|Mixed Platforms.Build.0 = Release|Any CPU
		{1905244C-DED8-474F-977B-54E6F44F1350}.Release|x86.ActiveCfg = Release|Any CPU
		{1905244C-DED8-474F-977B-54E6F44F1350}.SingleImage|Any CPU.ActiveCfg = Release|Any CPU
		{1905244C-DED8-474F-977B-54E6F44F1350}.SingleImage|Any CPU.Build.0 = Release|Any CPU
		{1905244C-DED8-474F-977B-54E6F44F1350}.SingleImage|Mixed Platforms.ActiveCfg = Release|Any CPU
		{1905244C-DED8-474F-977B-54E6F44F1350}.SingleImage|Mixed Platforms.Build.0 = Release|Any CPU
		{1905244C-DED8-474F-977B-54E6F44F1350}.SingleImage|x86.ActiveCfg = Release|Any CPU
		{1905244C-DED8-474F-977B-54E6F44F1350}.SingleImage|x86.Build.0 = Release|Any CPU
		{E2BC6911-E21F-44FC-916C-19B90B8B0A18}.CD_ROM|Any CPU.ActiveCfg = Release|Any CPU
		{E2BC6911-E21F-44FC-916C-19B90B8B0A18}.CD_ROM|Any CPU.Build.0 = Release|Any CPU
		{E2BC6911-E21F-44FC-916C-19B90B8B0A18}.CD_ROM|Mixed Platforms.ActiveCfg = Release|Any CPU
		{E2BC6911-E21F-44FC-916C-19B90B8B0A18}.CD_ROM|Mixed Platforms.Build.0 = Release|Any CPU
		{E2BC6911-E21F-44FC-916C-19B90B8B0A18}.CD_ROM|x86.ActiveCfg = Release|Any CPU
		{E2BC6911-E21F-44FC-916C-19B90B8B0A18}.CD_ROM|x86.Build.0 = Release|Any CPU
		{E2BC6911-E21F-44FC-916C-19B90B8B0A18}.Debug|Any CPU.ActiveCfg = Debug|Any CPU
		{E2BC6911-E21F-44FC-916C-19B90B8B0A18}.Debug|Any CPU.Build.0 = Debug|Any CPU
		{E2BC6911-E21F-44FC-916C-19B90B8B0A18}.Debug|Mixed Platforms.ActiveCfg = Debug|Any CPU
		{E2BC6911-E21F-44FC-916C-19B90B8B0A18}.Debug|Mixed Platforms.Build.0 = Debug|Any CPU
		{E2BC6911-E21F-44FC-916C-19B90B8B0A18}.Debug|x86.ActiveCfg = Debug|Any CPU
		{E2BC6911-E21F-44FC-916C-19B90B8B0A18}.DVD-5|Any CPU.ActiveCfg = Debug|Any CPU
		{E2BC6911-E21F-44FC-916C-19B90B8B0A18}.DVD-5|Any CPU.Build.0 = Debug|Any CPU
		{E2BC6911-E21F-44FC-916C-19B90B8B0A18}.DVD-5|Mixed Platforms.ActiveCfg = Debug|Any CPU
		{E2BC6911-E21F-44FC-916C-19B90B8B0A18}.DVD-5|Mixed Platforms.Build.0 = Debug|Any CPU
		{E2BC6911-E21F-44FC-916C-19B90B8B0A18}.DVD-5|x86.ActiveCfg = Debug|Any CPU
		{E2BC6911-E21F-44FC-916C-19B90B8B0A18}.DVD-5|x86.Build.0 = Debug|Any CPU
		{E2BC6911-E21F-44FC-916C-19B90B8B0A18}.Release|Any CPU.ActiveCfg = Release|Any CPU
		{E2BC6911-E21F-44FC-916C-19B90B8B0A18}.Release|Any CPU.Build.0 = Release|Any CPU
		{E2BC6911-E21F-44FC-916C-19B90B8B0A18}.Release|Mixed Platforms.ActiveCfg = Release|Any CPU
		{E2BC6911-E21F-44FC-916C-19B90B8B0A18}.Release|Mixed Platforms.Build.0 = Release|Any CPU
		{E2BC6911-E21F-44FC-916C-19B90B8B0A18}.Release|x86.ActiveCfg = Release|Any CPU
		{E2BC6911-E21F-44FC-916C-19B90B8B0A18}.SingleImage|Any CPU.ActiveCfg = Release|Any CPU
		{E2BC6911-E21F-44FC-916C-19B90B8B0A18}.SingleImage|Any CPU.Build.0 = Release|Any CPU
		{E2BC6911-E21F-44FC-916C-19B90B8B0A18}.SingleImage|Mixed Platforms.ActiveCfg = Release|Any CPU
		{E2BC6911-E21F-44FC-916C-19B90B8B0A18}.SingleImage|Mixed Platforms.Build.0 = Release|Any CPU
		{E2BC6911-E21F-44FC-916C-19B90B8B0A18}.SingleImage|x86.ActiveCfg = Release|Any CPU
		{E2BC6911-E21F-44FC-916C-19B90B8B0A18}.SingleImage|x86.Build.0 = Release|Any CPU
		{5B889002-85B7-4D95-BF28-C0A0B78186A8}.CD_ROM|Any CPU.ActiveCfg = Release
		{5B889002-85B7-4D95-BF28-C0A0B78186A8}.CD_ROM|Any CPU.Build.0 = Release
		{5B889002-85B7-4D95-BF28-C0A0B78186A8}.CD_ROM|Mixed Platforms.ActiveCfg = Release
		{5B889002-85B7-4D95-BF28-C0A0B78186A8}.CD_ROM|Mixed Platforms.Build.0 = Release
		{5B889002-85B7-4D95-BF28-C0A0B78186A8}.CD_ROM|x86.ActiveCfg = Release
		{5B889002-85B7-4D95-BF28-C0A0B78186A8}.CD_ROM|x86.Build.0 = Release
		{5B889002-85B7-4D95-BF28-C0A0B78186A8}.Debug|Any CPU.ActiveCfg = Debug
		{5B889002-85B7-4D95-BF28-C0A0B78186A8}.Debug|Any CPU.Build.0 = Debug
		{5B889002-85B7-4D95-BF28-C0A0B78186A8}.Debug|Mixed Platforms.ActiveCfg = Debug
		{5B889002-85B7-4D95-BF28-C0A0B78186A8}.Debug|Mixed Platforms.Build.0 = Debug
		{5B889002-85B7-4D95-BF28-C0A0B78186A8}.Debug|x86.ActiveCfg = Debug
		{5B889002-85B7-4D95-BF28-C0A0B78186A8}.Debug|x86.Build.0 = Debug
		{5B889002-85B7-4D95-BF28-C0A0B78186A8}.DVD-5|Any CPU.ActiveCfg = Debug
		{5B889002-85B7-4D95-BF28-C0A0B78186A8}.DVD-5|Any CPU.Build.0 = Debug
		{5B889002-85B7-4D95-BF28-C0A0B78186A8}.DVD-5|Mixed Platforms.ActiveCfg = Debug
		{5B889002-85B7-4D95-BF28-C0A0B78186A8}.DVD-5|Mixed Platforms.Build.0 = Debug
		{5B889002-85B7-4D95-BF28-C0A0B78186A8}.DVD-5|x86.ActiveCfg = Debug
		{5B889002-85B7-4D95-BF28-C0A0B78186A8}.DVD-5|x86.Build.0 = Debug
		{5B889002-85B7-4D95-BF28-C0A0B78186A8}.Release|Any CPU.ActiveCfg = Release
		{5B889002-85B7-4D95-BF28-C0A0B78186A8}.Release|Any CPU.Build.0 = Release
		{5B889002-85B7-4D95-BF28-C0A0B78186A8}.Release|Mixed Platforms.ActiveCfg = Release
		{5B889002-85B7-4D95-BF28-C0A0B78186A8}.Release|Mixed Platforms.Build.0 = Release
		{5B889002-85B7-4D95-BF28-C0A0B78186A8}.Release|x86.ActiveCfg = Release
		{5B889002-85B7-4D95-BF28-C0A0B78186A8}.Release|x86.Build.0 = Release
		{5B889002-85B7-4D95-BF28-C0A0B78186A8}.SingleImage|Any CPU.ActiveCfg = Release
		{5B889002-85B7-4D95-BF28-C0A0B78186A8}.SingleImage|Any CPU.Build.0 = Release
		{5B889002-85B7-4D95-BF28-C0A0B78186A8}.SingleImage|Mixed Platforms.ActiveCfg = Release
		{5B889002-85B7-4D95-BF28-C0A0B78186A8}.SingleImage|Mixed Platforms.Build.0 = Release
		{5B889002-85B7-4D95-BF28-C0A0B78186A8}.SingleImage|x86.ActiveCfg = Release
		{5B889002-85B7-4D95-BF28-C0A0B78186A8}.SingleImage|x86.Build.0 = Release
	EndGlobalSection
	GlobalSection(SolutionProperties) = preSolution
		HideSolutionNode = FALSE
	EndGlobalSection
EndGlobal
